
Microsoft Visual Studio Solution File, Format Version 12.00
# Visual Studio Version 16
VisualStudioVersion = 16.0.30413.136
MinimumVisualStudioVersion = 10.0.40219.1
Project("{FAE04EC0-301F-11D3-BF4B-00C04F79EFBC}") = "Lab 2", "Lab 2\Lab 2.csproj", "{1BDDED5C-268B-42B3-B033-152EBF15284B}"
EndProject
Project("{FAE04EC0-301F-11D3-BF4B-00C04F79EFBC}") = "Lab 1", "Lab 1\Lab 1.csproj", "{02579333-A9AA-4354-BFF3-D87AC41A867A}"
EndProject
Global
	GlobalSection(SolutionConfigurationPlatforms) = preSolution
		Debug|Any CPU = Debug|Any CPU
		Release|Any CPU = Release|Any CPU
	EndGlobalSection
	GlobalSection(ProjectConfigurationPlatforms) = postSolution
		{1BDDED5C-268B-42B3-B033-152EBF15284B}.Debug|Any CPU.ActiveCfg = Debug|Any CPU
		{1BDDED5C-268B-42B3-B033-152EBF15284B}.Debug|Any CPU.Build.0 = Debug|Any CPU
		{1BDDED5C-268B-42B3-B033-152EBF15284B}.Release|Any CPU.ActiveCfg = Release|Any CPU
		{1BDDED5C-268B-42B3-B033-152EBF15284B}.Release|Any CPU.Build.0 = Release|Any CPU
		{02579333-A9AA-4354-BFF3-D87AC41A867A}.Debug|Any CPU.ActiveCfg = Debug|Any CPU
		{02579333-A9AA-4354-BFF3-D87AC41A867A}.Debug|Any CPU.Build.0 = Debug|Any CPU
		{02579333-A9AA-4354-BFF3-D87AC41A867A}.Release|Any CPU.ActiveCfg = Release|Any CPU
		{02579333-A9AA-4354-BFF3-D87AC41A867A}.Release|Any CPU.Build.0 = Release|Any CPU
	EndGlobalSection
	GlobalSection(SolutionProperties) = preSolution
		HideSolutionNode = FALSE
	EndGlobalSection
	GlobalSection(ExtensibilityGlobals) = postSolution
		SolutionGuid = {AE3AF1C6-B6B4-46E3-BACB-F5E095CDFAB2}
	EndGlobalSection
EndGlobal
