
Microsoft Visual Studio Solution File, Format Version 12.00
# Visual Studio Version 16
VisualStudioVersion = 16.0.30413.136
MinimumVisualStudioVersion = 10.0.40219.1
Project("{FAE04EC0-301F-11D3-BF4B-00C04F79EFBC}") = "Lab 2", "Lab 2\Lab 2.csproj", "{1BDDED5C-268B-42B3-B033-152EBF15284B}"
EndProject
Project("{FAE04EC0-301F-11D3-BF4B-00C04F79EFBC}") = "Lab 1", "Lab 1\Lab 1.csproj", "{02579333-A9AA-4354-BFF3-D87AC41A867A}"
EndProject
Project("{FAE04EC0-301F-11D3-BF4B-00C04F79EFBC}") = "Lab 3", "Lab 3\Lab 3.csproj", "{029509FC-8E0E-489E-8C05-BE684DA4BE72}"
EndProject
Project("{FAE04EC0-301F-11D3-BF4B-00C04F79EFBC}") = "Lab 4", "Lab 4\Lab 4.csproj", "{B04C7C2C-3A1C-4F3D-96D4-E707225C474F}"
EndProject
Project("{FAE04EC0-301F-11D3-BF4B-00C04F79EFBC}") = "Lab 5", "Lab 5\Lab 5.csproj", "{BD826802-6558-4C22-BD4F-5FFB9E4EE024}"
EndProject
Project("{FAE04EC0-301F-11D3-BF4B-00C04F79EFBC}") = "Lab 6", "Lab 6\Lab 6.csproj", "{6975A73E-B115-46F2-A83B-84B5CD79BE23}"
EndProject
Project("{FAE04EC0-301F-11D3-BF4B-00C04F79EFBC}") = "Lab 7", "Lab 7\Lab 7.csproj", "{C67A1F75-0BA7-43D9-A08F-5648417BA17F}"
EndProject
Project("{FAE04EC0-301F-11D3-BF4B-00C04F79EFBC}") = "Lab 8.1", "Lab 8\Lab 8.1.csproj", "{E584BAE4-98ED-4494-A6DF-B9416B3803B3}"
EndProject
Project("{FAE04EC0-301F-11D3-BF4B-00C04F79EFBC}") = "Lab 8.2", "Lab 8.2\Lab 8.2.csproj", "{FA6BDFA5-BB0E-4729-B90D-CB3DBBCECA09}"
EndProject
Project("{FAE04EC0-301F-11D3-BF4B-00C04F79EFBC}") = "Independent work 1", "Independent work 1\Independent work 1.csproj", "{9E20C02D-ECD8-487B-AA91-591DEA579CE6}"
EndProject
Global
	GlobalSection(SolutionConfigurationPlatforms) = preSolution
		Debug|Any CPU = Debug|Any CPU
		Release|Any CPU = Release|Any CPU
	EndGlobalSection
	GlobalSection(ProjectConfigurationPlatforms) = postSolution
		{1BDDED5C-268B-42B3-B033-152EBF15284B}.Debug|Any CPU.ActiveCfg = Debug|Any CPU
		{1BDDED5C-268B-42B3-B033-152EBF15284B}.Debug|Any CPU.Build.0 = Debug|Any CPU
		{1BDDED5C-268B-42B3-B033-152EBF15284B}.Release|Any CPU.ActiveCfg = Release|Any CPU
		{1BDDED5C-268B-42B3-B033-152EBF15284B}.Release|Any CPU.Build.0 = Release|Any CPU
		{02579333-A9AA-4354-BFF3-D87AC41A867A}.Debug|Any CPU.ActiveCfg = Debug|Any CPU
		{02579333-A9AA-4354-BFF3-D87AC41A867A}.Debug|Any CPU.Build.0 = Debug|Any CPU
		{02579333-A9AA-4354-BFF3-D87AC41A867A}.Release|Any CPU.ActiveCfg = Release|Any CPU
		{02579333-A9AA-4354-BFF3-D87AC41A867A}.Release|Any CPU.Build.0 = Release|Any CPU
		{029509FC-8E0E-489E-8C05-BE684DA4BE72}.Debug|Any CPU.ActiveCfg = Debug|Any CPU
		{029509FC-8E0E-489E-8C05-BE684DA4BE72}.Debug|Any CPU.Build.0 = Debug|Any CPU
		{029509FC-8E0E-489E-8C05-BE684DA4BE72}.Release|Any CPU.ActiveCfg = Release|Any CPU
		{029509FC-8E0E-489E-8C05-BE684DA4BE72}.Release|Any CPU.Build.0 = Release|Any CPU
		{B04C7C2C-3A1C-4F3D-96D4-E707225C474F}.Debug|Any CPU.ActiveCfg = Debug|Any CPU
		{B04C7C2C-3A1C-4F3D-96D4-E707225C474F}.Debug|Any CPU.Build.0 = Debug|Any CPU
		{B04C7C2C-3A1C-4F3D-96D4-E707225C474F}.Release|Any CPU.ActiveCfg = Release|Any CPU
		{B04C7C2C-3A1C-4F3D-96D4-E707225C474F}.Release|Any CPU.Build.0 = Release|Any CPU
		{BD826802-6558-4C22-BD4F-5FFB9E4EE024}.Debug|Any CPU.ActiveCfg = Debug|Any CPU
		{BD826802-6558-4C22-BD4F-5FFB9E4EE024}.Debug|Any CPU.Build.0 = Debug|Any CPU
		{BD826802-6558-4C22-BD4F-5FFB9E4EE024}.Release|Any CPU.ActiveCfg = Release|Any CPU
		{BD826802-6558-4C22-BD4F-5FFB9E4EE024}.Release|Any CPU.Build.0 = Release|Any CPU
		{6975A73E-B115-46F2-A83B-84B5CD79BE23}.Debug|Any CPU.ActiveCfg = Debug|Any CPU
		{6975A73E-B115-46F2-A83B-84B5CD79BE23}.Debug|Any CPU.Build.0 = Debug|Any CPU
		{6975A73E-B115-46F2-A83B-84B5CD79BE23}.Release|Any CPU.ActiveCfg = Release|Any CPU
		{6975A73E-B115-46F2-A83B-84B5CD79BE23}.Release|Any CPU.Build.0 = Release|Any CPU
		{C67A1F75-0BA7-43D9-A08F-5648417BA17F}.Debug|Any CPU.ActiveCfg = Debug|Any CPU
		{C67A1F75-0BA7-43D9-A08F-5648417BA17F}.Debug|Any CPU.Build.0 = Debug|Any CPU
		{C67A1F75-0BA7-43D9-A08F-5648417BA17F}.Release|Any CPU.ActiveCfg = Release|Any CPU
		{C67A1F75-0BA7-43D9-A08F-5648417BA17F}.Release|Any CPU.Build.0 = Release|Any CPU
		{E584BAE4-98ED-4494-A6DF-B9416B3803B3}.Debug|Any CPU.ActiveCfg = Debug|Any CPU
		{E584BAE4-98ED-4494-A6DF-B9416B3803B3}.Debug|Any CPU.Build.0 = Debug|Any CPU
		{E584BAE4-98ED-4494-A6DF-B9416B3803B3}.Release|Any CPU.ActiveCfg = Release|Any CPU
		{E584BAE4-98ED-4494-A6DF-B9416B3803B3}.Release|Any CPU.Build.0 = Release|Any CPU
		{FA6BDFA5-BB0E-4729-B90D-CB3DBBCECA09}.Debug|Any CPU.ActiveCfg = Debug|Any CPU
		{FA6BDFA5-BB0E-4729-B90D-CB3DBBCECA09}.Debug|Any CPU.Build.0 = Debug|Any CPU
		{FA6BDFA5-BB0E-4729-B90D-CB3DBBCECA09}.Release|Any CPU.ActiveCfg = Release|Any CPU
		{FA6BDFA5-BB0E-4729-B90D-CB3DBBCECA09}.Release|Any CPU.Build.0 = Release|Any CPU
		{9E20C02D-ECD8-487B-AA91-591DEA579CE6}.Debug|Any CPU.ActiveCfg = Debug|Any CPU
		{9E20C02D-ECD8-487B-AA91-591DEA579CE6}.Debug|Any CPU.Build.0 = Debug|Any CPU
		{9E20C02D-ECD8-487B-AA91-591DEA579CE6}.Release|Any CPU.ActiveCfg = Release|Any CPU
		{9E20C02D-ECD8-487B-AA91-591DEA579CE6}.Release|Any CPU.Build.0 = Release|Any CPU
	EndGlobalSection
	GlobalSection(SolutionProperties) = preSolution
		HideSolutionNode = FALSE
	EndGlobalSection
	GlobalSection(ExtensibilityGlobals) = postSolution
		SolutionGuid = {AE3AF1C6-B6B4-46E3-BACB-F5E095CDFAB2}
	EndGlobalSection
EndGlobal
